
Microsoft Visual Studio Solution File, Format Version 12.00
# Visual Studio Version 17
VisualStudioVersion = 17.11.35303.130
MinimumVisualStudioVersion = 10.0.40219.1
Project("{FAE04EC0-301F-11D3-BF4B-00C04F79EFBC}") = "WinFormsApp1", "WinFormsApp1.csproj", "{EAB491CA-CC06-4232-A5D3-07A162C503D9}"
EndProject
Global
	GlobalSection(SolutionConfigurationPlatforms) = preSolution
		Debug|Any CPU = Debug|Any CPU
		Release|Any CPU = Release|Any CPU
	EndGlobalSection
	GlobalSection(ProjectConfigurationPlatforms) = postSolution
		{EAB491CA-CC06-4232-A5D3-07A162C503D9}.Debug|Any CPU.ActiveCfg = Debug|Any CPU
		{EAB491CA-CC06-4232-A5D3-07A162C503D9}.Debug|Any CPU.Build.0 = Debug|Any CPU
		{EAB491CA-CC06-4232-A5D3-07A162C503D9}.Release|Any CPU.ActiveCfg = Release|Any CPU
		{EAB491CA-CC06-4232-A5D3-07A162C503D9}.Release|Any CPU.Build.0 = Release|Any CPU
	EndGlobalSection
	GlobalSection(SolutionProperties) = preSolution
		HideSolutionNode = FALSE
	EndGlobalSection
	GlobalSection(ExtensibilityGlobals) = postSolution
		SolutionGuid = {77D95A9C-1019-4A5E-83F7-14616E7A326F}
	EndGlobalSection
EndGlobal
